<?xml version="1.0" encoding="utf-8"?>
<Project ToolsVersion="4.0" xmlns="http://schemas.microsoft.com/developer/msbuild/2003">
  <ItemGroup>
    <ClCompile Include="Engine\Window\VWindow.cpp" />
    <ClCompile Include="Libs\DefualtLibs\MSWindowManager\WinUser.cpp" />
    <ClCompile Include="VEmain.cpp" />
  </ItemGroup>
  <ItemGroup>
    <ClInclude Include="Engine\Window\VWindow.h" />
    <ClInclude Include="Engine\req.h" />
    <ClInclude Include="Libs\DefualtLibs\MSWindowManager\WinUser.h" />
    <ClInclude Include="Libs\DefualtLibs\DefualtLibsList.h" />
    <ClInclude Include="Libs\LibsList.h" />
    <ClInclude Include="Libs\DefualtLibs\VDebug\VDebug.h" />
  </ItemGroup>
</Project>